# THIS IS AN AUTOGENERATED FILE. DO NOT EDIT THIS FILE DIRECTLY.
# yarn lockfile v1


"@types/express-serve-static-core@*":
  version "4.0.40"
  resolved "https://registry.yarnpkg.com/@types/express-serve-static-core/-/express-serve-static-core-4.0.40.tgz#168e82978bffc81ee7737bc60728d64733a4f37b"
  dependencies:
    "@types/node" "*"

"@types/express@^4.0.35":
  version "4.0.35"
  resolved "https://registry.yarnpkg.com/@types/express/-/express-4.0.35.tgz#6267c7b60a51fac473467b3c4a02cd1e441805fe"
  dependencies:
    "@types/express-serve-static-core" "*"
    "@types/serve-static" "*"

"@types/graphql@^0.8.5", "@types/graphql@^0.8.6":
  version "0.8.6"
  resolved "https://registry.yarnpkg.com/@types/graphql/-/graphql-0.8.6.tgz#b34fb880493ba835b0c067024ee70130d6f9bb68"

"@types/mime@*":
  version "0.0.29"
  resolved "https://registry.yarnpkg.com/@types/mime/-/mime-0.0.29.tgz#fbcfd330573b912ef59eeee14602bface630754b"

"@types/node@*":
  version "7.0.4"
  resolved "https://registry.yarnpkg.com/@types/node/-/node-7.0.4.tgz#9aabc135979ded383325749f508894c662948c8b"

"@types/serve-static@*":
  version "1.7.31"
  resolved "https://registry.yarnpkg.com/@types/serve-static/-/serve-static-1.7.31.tgz#15456de8d98d6b4cff31be6c6af7492ae63f521a"
  dependencies:
    "@types/express-serve-static-core" "*"
    "@types/mime" "*"

es6-shim@^0.35.3:
  version "0.35.3"
  resolved "https://registry.yarnpkg.com/es6-shim/-/es6-shim-0.35.3.tgz#9bfb7363feffff87a6cdb6cd93e405ec3c4b6f26"

graphql-server-core@^0.5.2:
  version "0.5.2"
  resolved "https://registry.yarnpkg.com/graphql-server-core/-/graphql-server-core-0.5.2.tgz#7e23fc516cb754e42c16f92928b595c354d6c8a7"
  dependencies:
    es6-shim "^0.35.3"
  optionalDependencies:
    "@types/graphql" "^0.8.5"

graphql-server-express@^0.5.2:
  version "0.5.2"
  resolved "https://registry.yarnpkg.com/graphql-server-express/-/graphql-server-express-0.5.2.tgz#c358110ddb2f82939b4d4c9d97ffb5afded7944a"
  dependencies:
    graphql-server-core "^0.5.2"
    graphql-server-module-graphiql "^0.5.2"
  optionalDependencies:
    "@types/express" "^4.0.35"
    "@types/graphql" "^0.8.6"

graphql-server-module-graphiql@^0.5.2:
  version "0.5.2"
  resolved "https://registry.yarnpkg.com/graphql-server-module-graphiql/-/graphql-server-module-graphiql-0.5.2.tgz#7e2a0c78b0267e784f8483ce5633810baf558dee"
